
Microsoft Visual Studio Solution File, Format Version 12.00
# Visual Studio 15
VisualStudioVersion = 15.0.28307.136
MinimumVisualStudioVersion = 10.0.40219.1
Project("{8BC9CEB8-8B4A-11D0-8D11-00A0C91BC942}") = "common", "common\src\common\common.vcxproj", "{288321E3-E418-4710-B8A2-D33604D933BD}"
EndProject
Project("{8BC9CEB8-8B4A-11D0-8D11-00A0C91BC942}") = "dataset", "dataset\src\dataset\adp_data.vcxproj", "{A9FE81EE-E09D-4472-8F79-5EB23C148E93}"
EndProject
Project("{8BC9CEB8-8B4A-11D0-8D11-00A0C91BC942}") = "domino_nurbs", "domino_nurbs\src\domino_nurbs\domino_nurbs.vcxproj", "{B5D0C1C8-A146-4FB7-A850-E3D6BCBA80F8}"
EndProject
Project("{8BC9CEB8-8B4A-11D0-8D11-00A0C91BC942}") = "context_glfw", "glw\src\context_glfw\context_glfw.vcxproj", "{6D35DC58-713C-4410-8398-A24C463CF188}"
EndProject
Project("{8BC9CEB8-8B4A-11D0-8D11-00A0C91BC942}") = "font", "glw\src\font\font.vcxproj", "{09D84F64-F496-4BE1-B5C6-2B2F2497C093}"
EndProject
Project("{8BC9CEB8-8B4A-11D0-8D11-00A0C91BC942}") = "glw", "glw\src\glw\glw.vcxproj", "{722E3283-9FCF-46AC-8971-0DCCFBFE52AC}"
EndProject
Project("{8BC9CEB8-8B4A-11D0-8D11-00A0C91BC942}") = "zdev00_glfw", "glw\dev\zdev00\zdev_glw00.vcxproj", "{1F607FC3-8607-49B0-AAE0-2EB7D45C61A5}"
EndProject
Project("{8BC9CEB8-8B4A-11D0-8D11-00A0C91BC942}") = "zdev01_opengl", "glw\dev\zdev01\zdev_glw01.vcxproj", "{CC3FB345-1CF3-4CF9-A629-242884C0843B}"
EndProject
Project("{8BC9CEB8-8B4A-11D0-8D11-00A0C91BC942}") = "zdev02_wrap", "glw\dev\zdev02\zdev_glw02.vcxproj", "{816B6AB4-688B-4635-823E-0034D146A7D0}"
EndProject
Project("{8BC9CEB8-8B4A-11D0-8D11-00A0C91BC942}") = "zdev03_asyncronous", "glw\dev\zdev03\zdev_glw03.vcxproj", "{402AECB6-BA12-4B33-BE08-5FA875D4FCBA}"
EndProject
Project("{8BC9CEB8-8B4A-11D0-8D11-00A0C91BC942}") = "zdev04_basic_shaders", "glw\dev\zdev04\zdev_glw04.vcxproj", "{C946CB45-B8A6-40F6-AAC0-4E7EB755527E}"
EndProject
Project("{8BC9CEB8-8B4A-11D0-8D11-00A0C91BC942}") = "zdev05_offscreen_render2texture", "glw\dev\zdev05\zdev_glw05.vcxproj", "{9C07D956-9FF8-4E81-AD3F-25E18DEB9835}"
EndProject
Project("{8BC9CEB8-8B4A-11D0-8D11-00A0C91BC942}") = "zdev06_hierarchy", "glw\dev\zdev06\zdev06.vcxproj", "{098ED075-F799-4E75-AEA4-EDDB4B3B8938}"
EndProject
Project("{8BC9CEB8-8B4A-11D0-8D11-00A0C91BC942}") = "zdev07_fonts", "glw\dev\zdev07\zdev07.vcxproj", "{CAB6F5C3-89CF-4E2B-A6CD-190842A2753D}"
EndProject
Project("{8BC9CEB8-8B4A-11D0-8D11-00A0C91BC942}") = "zdev08_picking", "glw\dev\zdev08\zdev08.vcxproj", "{48901544-CC7D-4C21-80F8-1FF26E35A02A}"
EndProject
Project("{8BC9CEB8-8B4A-11D0-8D11-00A0C91BC942}") = "zdev09_postprocessing", "glw\dev\zdev09\zdev09.vcxproj", "{79C5E2C3-8386-4C93-A3C3-23E650DC06E8}"
EndProject
Project("{8BC9CEB8-8B4A-11D0-8D11-00A0C91BC942}") = "zdev10_isolines", "glw\dev\zdev10\zdev10.vcxproj", "{B160D10C-B8DD-499F-800E-34DE95DC0F52}"
EndProject
Global
	GlobalSection(SolutionConfigurationPlatforms) = preSolution
		Debug|x86 = Debug|x86
		Release|x86 = Release|x86
		WinXP|x86 = WinXP|x86
	EndGlobalSection
	GlobalSection(ProjectConfigurationPlatforms) = postSolution
		{288321E3-E418-4710-B8A2-D33604D933BD}.Debug|x86.ActiveCfg = Debug|Win32
		{288321E3-E418-4710-B8A2-D33604D933BD}.Debug|x86.Build.0 = Debug|Win32
		{288321E3-E418-4710-B8A2-D33604D933BD}.Release|x86.ActiveCfg = Release|Win32
		{288321E3-E418-4710-B8A2-D33604D933BD}.Release|x86.Build.0 = Release|Win32
		{288321E3-E418-4710-B8A2-D33604D933BD}.WinXP|x86.ActiveCfg = Release|Win32
		{288321E3-E418-4710-B8A2-D33604D933BD}.WinXP|x86.Build.0 = Release|Win32
		{A9FE81EE-E09D-4472-8F79-5EB23C148E93}.Debug|x86.ActiveCfg = Debug|Win32
		{A9FE81EE-E09D-4472-8F79-5EB23C148E93}.Debug|x86.Build.0 = Debug|Win32
		{A9FE81EE-E09D-4472-8F79-5EB23C148E93}.Release|x86.ActiveCfg = Release|Win32
		{A9FE81EE-E09D-4472-8F79-5EB23C148E93}.Release|x86.Build.0 = Release|Win32
		{A9FE81EE-E09D-4472-8F79-5EB23C148E93}.WinXP|x86.ActiveCfg = Release|Win32
		{A9FE81EE-E09D-4472-8F79-5EB23C148E93}.WinXP|x86.Build.0 = Release|Win32
		{B5D0C1C8-A146-4FB7-A850-E3D6BCBA80F8}.Debug|x86.ActiveCfg = Debug|Win32
		{B5D0C1C8-A146-4FB7-A850-E3D6BCBA80F8}.Debug|x86.Build.0 = Debug|Win32
		{B5D0C1C8-A146-4FB7-A850-E3D6BCBA80F8}.Release|x86.ActiveCfg = Release|Win32
		{B5D0C1C8-A146-4FB7-A850-E3D6BCBA80F8}.Release|x86.Build.0 = Release|Win32
		{B5D0C1C8-A146-4FB7-A850-E3D6BCBA80F8}.WinXP|x86.ActiveCfg = WinXP|Win32
		{B5D0C1C8-A146-4FB7-A850-E3D6BCBA80F8}.WinXP|x86.Build.0 = WinXP|Win32
		{6D35DC58-713C-4410-8398-A24C463CF188}.Debug|x86.ActiveCfg = Debug|Win32
		{6D35DC58-713C-4410-8398-A24C463CF188}.Debug|x86.Build.0 = Debug|Win32
		{6D35DC58-713C-4410-8398-A24C463CF188}.Release|x86.ActiveCfg = Release|Win32
		{6D35DC58-713C-4410-8398-A24C463CF188}.Release|x86.Build.0 = Release|Win32
		{6D35DC58-713C-4410-8398-A24C463CF188}.WinXP|x86.ActiveCfg = Release|Win32
		{6D35DC58-713C-4410-8398-A24C463CF188}.WinXP|x86.Build.0 = Release|Win32
		{09D84F64-F496-4BE1-B5C6-2B2F2497C093}.Debug|x86.ActiveCfg = Debug|Win32
		{09D84F64-F496-4BE1-B5C6-2B2F2497C093}.Debug|x86.Build.0 = Debug|Win32
		{09D84F64-F496-4BE1-B5C6-2B2F2497C093}.Release|x86.ActiveCfg = Release|Win32
		{09D84F64-F496-4BE1-B5C6-2B2F2497C093}.Release|x86.Build.0 = Release|Win32
		{09D84F64-F496-4BE1-B5C6-2B2F2497C093}.WinXP|x86.ActiveCfg = Release|Win32
		{09D84F64-F496-4BE1-B5C6-2B2F2497C093}.WinXP|x86.Build.0 = Release|Win32
		{722E3283-9FCF-46AC-8971-0DCCFBFE52AC}.Debug|x86.ActiveCfg = Debug|Win32
		{722E3283-9FCF-46AC-8971-0DCCFBFE52AC}.Debug|x86.Build.0 = Debug|Win32
		{722E3283-9FCF-46AC-8971-0DCCFBFE52AC}.Release|x86.ActiveCfg = Release|Win32
		{722E3283-9FCF-46AC-8971-0DCCFBFE52AC}.Release|x86.Build.0 = Release|Win32
		{722E3283-9FCF-46AC-8971-0DCCFBFE52AC}.WinXP|x86.ActiveCfg = Release|Win32
		{722E3283-9FCF-46AC-8971-0DCCFBFE52AC}.WinXP|x86.Build.0 = Release|Win32
		{1F607FC3-8607-49B0-AAE0-2EB7D45C61A5}.Debug|x86.ActiveCfg = Debug|Win32
		{1F607FC3-8607-49B0-AAE0-2EB7D45C61A5}.Debug|x86.Build.0 = Debug|Win32
		{1F607FC3-8607-49B0-AAE0-2EB7D45C61A5}.Release|x86.ActiveCfg = Release|Win32
		{1F607FC3-8607-49B0-AAE0-2EB7D45C61A5}.Release|x86.Build.0 = Release|Win32
		{1F607FC3-8607-49B0-AAE0-2EB7D45C61A5}.WinXP|x86.ActiveCfg = Release|Win32
		{1F607FC3-8607-49B0-AAE0-2EB7D45C61A5}.WinXP|x86.Build.0 = Release|Win32
		{CC3FB345-1CF3-4CF9-A629-242884C0843B}.Debug|x86.ActiveCfg = Debug|Win32
		{CC3FB345-1CF3-4CF9-A629-242884C0843B}.Debug|x86.Build.0 = Debug|Win32
		{CC3FB345-1CF3-4CF9-A629-242884C0843B}.Release|x86.ActiveCfg = Release|Win32
		{CC3FB345-1CF3-4CF9-A629-242884C0843B}.Release|x86.Build.0 = Release|Win32
		{CC3FB345-1CF3-4CF9-A629-242884C0843B}.WinXP|x86.ActiveCfg = Release|Win32
		{CC3FB345-1CF3-4CF9-A629-242884C0843B}.WinXP|x86.Build.0 = Release|Win32
		{816B6AB4-688B-4635-823E-0034D146A7D0}.Debug|x86.ActiveCfg = Debug|Win32
		{816B6AB4-688B-4635-823E-0034D146A7D0}.Debug|x86.Build.0 = Debug|Win32
		{816B6AB4-688B-4635-823E-0034D146A7D0}.Release|x86.ActiveCfg = Release|Win32
		{816B6AB4-688B-4635-823E-0034D146A7D0}.Release|x86.Build.0 = Release|Win32
		{816B6AB4-688B-4635-823E-0034D146A7D0}.WinXP|x86.ActiveCfg = Release|Win32
		{816B6AB4-688B-4635-823E-0034D146A7D0}.WinXP|x86.Build.0 = Release|Win32
		{402AECB6-BA12-4B33-BE08-5FA875D4FCBA}.Debug|x86.ActiveCfg = Debug|Win32
		{402AECB6-BA12-4B33-BE08-5FA875D4FCBA}.Debug|x86.Build.0 = Debug|Win32
		{402AECB6-BA12-4B33-BE08-5FA875D4FCBA}.Release|x86.ActiveCfg = Release|Win32
		{402AECB6-BA12-4B33-BE08-5FA875D4FCBA}.Release|x86.Build.0 = Release|Win32
		{402AECB6-BA12-4B33-BE08-5FA875D4FCBA}.WinXP|x86.ActiveCfg = Release|Win32
		{402AECB6-BA12-4B33-BE08-5FA875D4FCBA}.WinXP|x86.Build.0 = Release|Win32
		{C946CB45-B8A6-40F6-AAC0-4E7EB755527E}.Debug|x86.ActiveCfg = Debug|Win32
		{C946CB45-B8A6-40F6-AAC0-4E7EB755527E}.Debug|x86.Build.0 = Debug|Win32
		{C946CB45-B8A6-40F6-AAC0-4E7EB755527E}.Release|x86.ActiveCfg = Release|Win32
		{C946CB45-B8A6-40F6-AAC0-4E7EB755527E}.Release|x86.Build.0 = Release|Win32
		{C946CB45-B8A6-40F6-AAC0-4E7EB755527E}.WinXP|x86.ActiveCfg = Release|Win32
		{C946CB45-B8A6-40F6-AAC0-4E7EB755527E}.WinXP|x86.Build.0 = Release|Win32
		{9C07D956-9FF8-4E81-AD3F-25E18DEB9835}.Debug|x86.ActiveCfg = Debug|Win32
		{9C07D956-9FF8-4E81-AD3F-25E18DEB9835}.Debug|x86.Build.0 = Debug|Win32
		{9C07D956-9FF8-4E81-AD3F-25E18DEB9835}.Release|x86.ActiveCfg = Release|Win32
		{9C07D956-9FF8-4E81-AD3F-25E18DEB9835}.Release|x86.Build.0 = Release|Win32
		{9C07D956-9FF8-4E81-AD3F-25E18DEB9835}.WinXP|x86.ActiveCfg = Release|Win32
		{9C07D956-9FF8-4E81-AD3F-25E18DEB9835}.WinXP|x86.Build.0 = Release|Win32
		{098ED075-F799-4E75-AEA4-EDDB4B3B8938}.Debug|x86.ActiveCfg = Debug|Win32
		{098ED075-F799-4E75-AEA4-EDDB4B3B8938}.Debug|x86.Build.0 = Debug|Win32
		{098ED075-F799-4E75-AEA4-EDDB4B3B8938}.Release|x86.ActiveCfg = Release|Win32
		{098ED075-F799-4E75-AEA4-EDDB4B3B8938}.Release|x86.Build.0 = Release|Win32
		{098ED075-F799-4E75-AEA4-EDDB4B3B8938}.WinXP|x86.ActiveCfg = Release|Win32
		{098ED075-F799-4E75-AEA4-EDDB4B3B8938}.WinXP|x86.Build.0 = Release|Win32
		{CAB6F5C3-89CF-4E2B-A6CD-190842A2753D}.Debug|x86.ActiveCfg = Debug|Win32
		{CAB6F5C3-89CF-4E2B-A6CD-190842A2753D}.Debug|x86.Build.0 = Debug|Win32
		{CAB6F5C3-89CF-4E2B-A6CD-190842A2753D}.Release|x86.ActiveCfg = Release|Win32
		{CAB6F5C3-89CF-4E2B-A6CD-190842A2753D}.Release|x86.Build.0 = Release|Win32
		{CAB6F5C3-89CF-4E2B-A6CD-190842A2753D}.WinXP|x86.ActiveCfg = Release|Win32
		{CAB6F5C3-89CF-4E2B-A6CD-190842A2753D}.WinXP|x86.Build.0 = Release|Win32
		{48901544-CC7D-4C21-80F8-1FF26E35A02A}.Debug|x86.ActiveCfg = Debug|Win32
		{48901544-CC7D-4C21-80F8-1FF26E35A02A}.Debug|x86.Build.0 = Debug|Win32
		{48901544-CC7D-4C21-80F8-1FF26E35A02A}.Release|x86.ActiveCfg = Release|Win32
		{48901544-CC7D-4C21-80F8-1FF26E35A02A}.Release|x86.Build.0 = Release|Win32
		{48901544-CC7D-4C21-80F8-1FF26E35A02A}.WinXP|x86.ActiveCfg = Release|Win32
		{48901544-CC7D-4C21-80F8-1FF26E35A02A}.WinXP|x86.Build.0 = Release|Win32
		{79C5E2C3-8386-4C93-A3C3-23E650DC06E8}.Debug|x86.ActiveCfg = Debug|Win32
		{79C5E2C3-8386-4C93-A3C3-23E650DC06E8}.Debug|x86.Build.0 = Debug|Win32
		{79C5E2C3-8386-4C93-A3C3-23E650DC06E8}.Release|x86.ActiveCfg = Release|Win32
		{79C5E2C3-8386-4C93-A3C3-23E650DC06E8}.Release|x86.Build.0 = Release|Win32
		{79C5E2C3-8386-4C93-A3C3-23E650DC06E8}.WinXP|x86.ActiveCfg = Release|Win32
		{79C5E2C3-8386-4C93-A3C3-23E650DC06E8}.WinXP|x86.Build.0 = Release|Win32
		{B160D10C-B8DD-499F-800E-34DE95DC0F52}.Debug|x86.ActiveCfg = Debug|Win32
		{B160D10C-B8DD-499F-800E-34DE95DC0F52}.Debug|x86.Build.0 = Debug|Win32
		{B160D10C-B8DD-499F-800E-34DE95DC0F52}.Release|x86.ActiveCfg = Release|Win32
		{B160D10C-B8DD-499F-800E-34DE95DC0F52}.Release|x86.Build.0 = Release|Win32
		{B160D10C-B8DD-499F-800E-34DE95DC0F52}.WinXP|x86.ActiveCfg = Release|Win32
		{B160D10C-B8DD-499F-800E-34DE95DC0F52}.WinXP|x86.Build.0 = Release|Win32
	EndGlobalSection
	GlobalSection(SolutionProperties) = preSolution
		HideSolutionNode = FALSE
	EndGlobalSection
	GlobalSection(ExtensibilityGlobals) = postSolution
		SolutionGuid = {D650BEFC-6030-4224-8505-51998A2EA815}
	EndGlobalSection
EndGlobal
